
Microsoft Visual Studio Solution File, Format Version 12.00
# Visual Studio 2012
Project("{FAE04EC0-301F-11D3-BF4B-00C04F79EFBC}") = "XamarinAndroidFFmpegTests", "XamarinAndroidFFmpegTests\XamarinAndroidFFmpegTests.csproj", "{87A5E21C-8AAF-4744-AA7A-92F87DB1684B}"
EndProject
Project("{FAE04EC0-301F-11D3-BF4B-00C04F79EFBC}") = "XamarinAndroidFFmpeg", "XamarinAndroidFFmpeg\XamarinAndroidFFmpeg.csproj", "{FBB10D9B-A045-4077-BE56-D71CC8A113AE}"
EndProject
Global
	GlobalSection(SolutionConfigurationPlatforms) = preSolution
		Debug|Any CPU = Debug|Any CPU
		Release|Any CPU = Release|Any CPU
	EndGlobalSection
	GlobalSection(ProjectConfigurationPlatforms) = postSolution
		{87A5E21C-8AAF-4744-AA7A-92F87DB1684B}.Debug|Any CPU.ActiveCfg = Debug|Any CPU
		{87A5E21C-8AAF-4744-AA7A-92F87DB1684B}.Debug|Any CPU.Build.0 = Debug|Any CPU
		{87A5E21C-8AAF-4744-AA7A-92F87DB1684B}.Release|Any CPU.ActiveCfg = Release|Any CPU
		{87A5E21C-8AAF-4744-AA7A-92F87DB1684B}.Release|Any CPU.Build.0 = Release|Any CPU
		{FBB10D9B-A045-4077-BE56-D71CC8A113AE}.Debug|Any CPU.ActiveCfg = Debug|Any CPU
		{FBB10D9B-A045-4077-BE56-D71CC8A113AE}.Debug|Any CPU.Build.0 = Debug|Any CPU
		{FBB10D9B-A045-4077-BE56-D71CC8A113AE}.Release|Any CPU.ActiveCfg = Release|Any CPU
		{FBB10D9B-A045-4077-BE56-D71CC8A113AE}.Release|Any CPU.Build.0 = Release|Any CPU
	EndGlobalSection
EndGlobal
